
Microsoft Visual Studio Solution File, Format Version 12.00
# Visual Studio Version 17
VisualStudioVersion = 17.8.34227.203
MinimumVisualStudioVersion = 10.0.40219.1
Project("{FAE04EC0-301F-11D3-BF4B-00C04F79EFBC}") = "Console", "Console\Console.csproj", "{F6934226-2809-4D0E-9E05-8749585CFFEF}"
EndProject
Global
	GlobalSection(SolutionConfigurationPlatforms) = preSolution
		Debug|Any CPU = Debug|Any CPU
		Release|Any CPU = Release|Any CPU
	EndGlobalSection
	GlobalSection(ProjectConfigurationPlatforms) = postSolution
		{F6934226-2809-4D0E-9E05-8749585CFFEF}.Debug|Any CPU.ActiveCfg = Debug|Any CPU
		{F6934226-2809-4D0E-9E05-8749585CFFEF}.Debug|Any CPU.Build.0 = Debug|Any CPU
		{F6934226-2809-4D0E-9E05-8749585CFFEF}.Release|Any CPU.ActiveCfg = Release|Any CPU
		{F6934226-2809-4D0E-9E05-8749585CFFEF}.Release|Any CPU.Build.0 = Release|Any CPU
	EndGlobalSection
	GlobalSection(SolutionProperties) = preSolution
		HideSolutionNode = FALSE
	EndGlobalSection
	GlobalSection(ExtensibilityGlobals) = postSolution
		SolutionGuid = {B7D20B9A-5D1A-46E0-8E2C-450E0E61B141}
	EndGlobalSection
EndGlobal
